
Microsoft Visual Studio Solution File, Format Version 12.00
# Visual Studio 15
VisualStudioVersion = 15.0.27004.2006
MinimumVisualStudioVersion = 10.0.40219.1
Project("{FAE04EC0-301F-11D3-BF4B-00C04F79EFBC}") = "CrackMe", "CrackMe\CrackMe.csproj", "{74FC4BE9-20EC-425C-BAED-E5BD6487D49E}"
EndProject
Global
	GlobalSection(SolutionConfigurationPlatforms) = preSolution
		Debug|Any CPU = Debug|Any CPU
		Release|Any CPU = Release|Any CPU
	EndGlobalSection
	GlobalSection(ProjectConfigurationPlatforms) = postSolution
		{74FC4BE9-20EC-425C-BAED-E5BD6487D49E}.Debug|Any CPU.ActiveCfg = Debug|Any CPU
		{74FC4BE9-20EC-425C-BAED-E5BD6487D49E}.Debug|Any CPU.Build.0 = Debug|Any CPU
		{74FC4BE9-20EC-425C-BAED-E5BD6487D49E}.Release|Any CPU.ActiveCfg = Release|Any CPU
		{74FC4BE9-20EC-425C-BAED-E5BD6487D49E}.Release|Any CPU.Build.0 = Release|Any CPU
	EndGlobalSection
	GlobalSection(SolutionProperties) = preSolution
		HideSolutionNode = FALSE
	EndGlobalSection
	GlobalSection(ExtensibilityGlobals) = postSolution
		SolutionGuid = {595B7F55-04A6-48B4-B11F-BC5809E3FD83}
	EndGlobalSection
EndGlobal
